
Microsoft Visual Studio Solution File, Format Version 12.00
# Visual Studio Version 17
VisualStudioVersion = 17.12.35514.174
MinimumVisualStudioVersion = 10.0.40219.1
Project("{FAE04EC0-301F-11D3-BF4B-00C04F79EFBC}") = "Aron.Titan.Agent.Windows", "Aron.Titan.Agent.Windows\Aron.Titan.Agent.Windows.csproj", "{EC970E6B-2C55-49CE-A15E-F0052C4F9EAE}"
EndProject
Project("{FAE04EC0-301F-11D3-BF4B-00C04F79EFBC}") = "Aron.TitanAgent.WinService", "Aron.TitanAgent.WinService\Aron.TitanAgent.WinService.csproj", "{87C303D7-943C-4A3D-88E4-2A64769DD384}"
EndProject
Global
	GlobalSection(SolutionConfigurationPlatforms) = preSolution
		Debug|Any CPU = Debug|Any CPU
		Release|Any CPU = Release|Any CPU
	EndGlobalSection
	GlobalSection(ProjectConfigurationPlatforms) = postSolution
		{EC970E6B-2C55-49CE-A15E-F0052C4F9EAE}.Debug|Any CPU.ActiveCfg = Debug|Any CPU
		{EC970E6B-2C55-49CE-A15E-F0052C4F9EAE}.Debug|Any CPU.Build.0 = Debug|Any CPU
		{EC970E6B-2C55-49CE-A15E-F0052C4F9EAE}.Release|Any CPU.ActiveCfg = Release|Any CPU
		{EC970E6B-2C55-49CE-A15E-F0052C4F9EAE}.Release|Any CPU.Build.0 = Release|Any CPU
		{87C303D7-943C-4A3D-88E4-2A64769DD384}.Debug|Any CPU.ActiveCfg = Debug|Any CPU
		{87C303D7-943C-4A3D-88E4-2A64769DD384}.Debug|Any CPU.Build.0 = Debug|Any CPU
		{87C303D7-943C-4A3D-88E4-2A64769DD384}.Release|Any CPU.ActiveCfg = Release|Any CPU
		{87C303D7-943C-4A3D-88E4-2A64769DD384}.Release|Any CPU.Build.0 = Release|Any CPU
	EndGlobalSection
	GlobalSection(SolutionProperties) = preSolution
		HideSolutionNode = FALSE
	EndGlobalSection
EndGlobal
